{
  "name": "swimlane-links",
  "lockfileVersion": 3,
  "requires": true,
  "packages": {
    "": {
      "dependencies": {
        "chrome-types": "^0.1.213"
      }
    },
    "node_modules/chrome-types": {
      "version": "0.1.213",
      "resolved": "https://registry.npmjs.org/chrome-types/-/chrome-types-0.1.213.tgz",
      "integrity": "sha512-NSdTnIsTt7XWdzJtRL2rc3IZB9AXLgWB4yoQxvHsa+iQWXUpC04HGcj+Kn3XnuG0yMvZRzYLPWpjVc6BYdsLPg=="
    }
  }
}
